# THIS IS AN AUTOGENERATED FILE. DO NOT EDIT THIS FILE DIRECTLY.
# yarn lockfile v1


"@babel/code-frame@^7.12.13":
  version "7.18.6"
  resolved "https://registry.yarnpkg.com/@babel/code-frame/-/code-frame-7.18.6.tgz#3b25d38c89600baa2dcc219edfa88a74eb2c427a"
  integrity sha512-TDCmlK5eOvH+eH7cdAFlNXeVJqWIQ7gW9tY1GJIpUtFb6CmjVyq2VM3u71bOyR8CRihcCgMUYoDNyLXao3+70Q==
  dependencies:
    "@babel/highlight" "^7.18.6"

"@babel/helper-validator-identifier@^7.18.6":
  version "7.19.1"
  resolved "https://registry.yarnpkg.com/@babel/helper-validator-identifier/-/helper-validator-identifier-7.19.1.tgz#7eea834cf32901ffdc1a7ee555e2f9c27e249ca2"
  integrity sha512-awrNfaMtnHUr653GgGEs++LlAvW6w+DcPrOliSMXWCKo597CwL5Acf/wWdNkf/tfEQE3mjkeD1YOVZOUV/od1w==

"@babel/highlight@^7.18.6":
  version "7.18.6"
  resolved "https://registry.yarnpkg.com/@babel/highlight/-/highlight-7.18.6.tgz#81158601e93e2563795adcbfbdf5d64be3f2ecdf"
  integrity sha512-u7stbOuYjaPezCuLj29hNW1v64M2Md2qupEKP1fHc7WdOA3DgLh37suiSrZYY7haUB7iBeQZ9P1uiRF359do3g==
  dependencies:
    "@babel/helper-validator-identifier" "^7.18.6"
    chalk "^2.0.0"
    js-tokens "^4.0.0"

"@iden3/bigarray@0.0.2":
  version "0.0.2"
  resolved "https://registry.yarnpkg.com/@iden3/bigarray/-/bigarray-0.0.2.tgz#6fc4ba5be18daf8a26ee393f2fb62b80d98c05e9"
  integrity sha512-Xzdyxqm1bOFF6pdIsiHLLl3HkSLjbhqJHVyqaTxXt3RqXBEnmsUmEW47H7VOi/ak7TdkRpNkxjyK5Zbkm+y52g==

"@iden3/binfileutils@0.0.11":
  version "0.0.11"
  resolved "https://registry.yarnpkg.com/@iden3/binfileutils/-/binfileutils-0.0.11.tgz#9ffbbcc1279f2b2182bb6dcff4eee8a5b2167911"
  integrity sha512-LylnJoZ0CTdgErnKY8OxohvW4K+p6UHD3sxt+3P9AmMyBQjYR4IpoqoYZZ+9aMj89cmCQ21UvdhndAx04er3NA==
  dependencies:
    fastfile "0.0.20"
    ffjavascript "^0.2.48"

"@jest/expect-utils@^29.3.1":
  version "29.3.1"
  resolved "https://registry.yarnpkg.com/@jest/expect-utils/-/expect-utils-29.3.1.tgz#531f737039e9b9e27c42449798acb5bba01935b6"
  integrity sha512-wlrznINZI5sMjwvUoLVk617ll/UYfGIZNxmbU+Pa7wmkL4vYzhV9R2pwVqUh4NWWuLQWkI8+8mOkxs//prKQ3g==
  dependencies:
    jest-get-type "^29.2.0"

"@jest/schemas@^29.0.0":
  version "29.0.0"
  resolved "https://registry.yarnpkg.com/@jest/schemas/-/schemas-29.0.0.tgz#5f47f5994dd4ef067fb7b4188ceac45f77fe952a"
  integrity sha512-3Ab5HgYIIAnS0HjqJHQYZS+zXc4tUmTmBH3z83ajI6afXp8X3ZtdLX+nXx+I7LNkJD7uN9LAVhgnjDgZa2z0kA==
  dependencies:
    "@sinclair/typebox" "^0.24.1"

"@jest/types@^29.3.1":
  version "29.3.1"
  resolved "https://registry.yarnpkg.com/@jest/types/-/types-29.3.1.tgz#7c5a80777cb13e703aeec6788d044150341147e3"
  integrity sha512-d0S0jmmTpjnhCmNpApgX3jrUZgZ22ivKJRvL2lli5hpCRoNnp1f85r2/wpKfXuYu8E7Jjh1hGfhPyup1NM5AmA==
  dependencies:
    "@jest/schemas" "^29.0.0"
    "@types/istanbul-lib-coverage" "^2.0.0"
    "@types/istanbul-reports" "^3.0.0"
    "@types/node" "*"
    "@types/yargs" "^17.0.8"
    chalk "^4.0.0"

"@sinclair/typebox@^0.24.1":
  version "0.24.51"
  resolved "https://registry.yarnpkg.com/@sinclair/typebox/-/typebox-0.24.51.tgz#645f33fe4e02defe26f2f5c0410e1c094eac7f5f"
  integrity sha512-1P1OROm/rdubP5aFDSZQILU0vrLCJ4fvHt6EoqHEM+2D/G5MK3bIaymUKLit8Js9gbns5UyJnkP/TZROLw4tUA==

"@types/istanbul-lib-coverage@*", "@types/istanbul-lib-coverage@^2.0.0":
  version "2.0.4"
  resolved "https://registry.yarnpkg.com/@types/istanbul-lib-coverage/-/istanbul-lib-coverage-2.0.4.tgz#8467d4b3c087805d63580480890791277ce35c44"
  integrity sha512-z/QT1XN4K4KYuslS23k62yDIDLwLFkzxOuMplDtObz0+y7VqJCaO2o+SPwHCvLFZh7xazvvoor2tA/hPz9ee7g==

"@types/istanbul-lib-report@*":
  version "3.0.0"
  resolved "https://registry.yarnpkg.com/@types/istanbul-lib-report/-/istanbul-lib-report-3.0.0.tgz#c14c24f18ea8190c118ee7562b7ff99a36552686"
  integrity sha512-plGgXAPfVKFoYfa9NpYDAkseG+g6Jr294RqeqcqDixSbU34MZVJRi/P+7Y8GDpzkEwLaGZZOpKIEmeVZNtKsrg==
  dependencies:
    "@types/istanbul-lib-coverage" "*"

"@types/istanbul-reports@^3.0.0":
  version "3.0.1"
  resolved "https://registry.yarnpkg.com/@types/istanbul-reports/-/istanbul-reports-3.0.1.tgz#9153fe98bba2bd565a63add9436d6f0d7f8468ff"
  integrity sha512-c3mAZEuK0lvBp8tmuL74XRKn1+y2dcwOUpH7x4WrF6gk1GIgiluDRgMYQtw2OFcBvAJWlt6ASU3tSqxp0Uu0Aw==
  dependencies:
    "@types/istanbul-lib-report" "*"

"@types/jest@^29.2.4":
  version "29.2.4"
  resolved "https://registry.yarnpkg.com/@types/jest/-/jest-29.2.4.tgz#9c155c4b81c9570dbd183eb8604aa0ae80ba5a5b"
  integrity sha512-PipFB04k2qTRPePduVLTRiPzQfvMeLwUN3Z21hsAKaB/W9IIzgB2pizCL466ftJlcyZqnHoC9ZHpxLGl3fS86A==
  dependencies:
    expect "^29.0.0"
    pretty-format "^29.0.0"

"@types/node@*":
  version "18.11.18"
  resolved "https://registry.yarnpkg.com/@types/node/-/node-18.11.18.tgz#8dfb97f0da23c2293e554c5a50d61ef134d7697f"
  integrity sha512-DHQpWGjyQKSHj3ebjFI/wRKcqQcdR+MoFBygntYOZytCqNfkd2ZC4ARDJ2DQqhjH5p85Nnd3jhUJIXrszFX/JA==

"@types/stack-utils@^2.0.0":
  version "2.0.1"
  resolved "https://registry.yarnpkg.com/@types/stack-utils/-/stack-utils-2.0.1.tgz#20f18294f797f2209b5f65c8e3b5c8e8261d127c"
  integrity sha512-Hl219/BT5fLAaz6NDkSuhzasy49dwQS/DSdu4MdggFB8zcXv7vflBI3xp7FEmkmdDkBUI2bPUNeMttp2knYdxw==

"@types/yargs-parser@*":
  version "21.0.0"
  resolved "https://registry.yarnpkg.com/@types/yargs-parser/-/yargs-parser-21.0.0.tgz#0c60e537fa790f5f9472ed2776c2b71ec117351b"
  integrity sha512-iO9ZQHkZxHn4mSakYV0vFHAVDyEOIJQrV2uZ06HxEPcx+mt8swXoZHIbaaJ2crJYFfErySgktuTZ3BeLz+XmFA==

"@types/yargs@^17.0.8":
  version "17.0.18"
  resolved "https://registry.yarnpkg.com/@types/yargs/-/yargs-17.0.18.tgz#466225ab4fbabb9aa711f5b406796daf1374a5b7"
  integrity sha512-eIJR1UER6ur3EpKM3d+2Pgd+ET+k6Kn9B4ZItX0oPjjVI5PrfaRjKyLT5UYendDpLuoiJMNJvovLQbEXqhsPaw==
  dependencies:
    "@types/yargs-parser" "*"

ansi-styles@^3.2.1:
  version "3.2.1"
  resolved "https://registry.yarnpkg.com/ansi-styles/-/ansi-styles-3.2.1.tgz#41fbb20243e50b12be0f04b8dedbf07520ce841d"
  integrity sha512-VT0ZI6kZRdTh8YyJw3SMbYm/u+NqfsAxEpWO0Pf9sq8/e94WxxOpPKx9FR1FlyCtOVDNOQ+8ntlqFxiRc+r5qA==
  dependencies:
    color-convert "^1.9.0"

ansi-styles@^4.1.0:
  version "4.3.0"
  resolved "https://registry.yarnpkg.com/ansi-styles/-/ansi-styles-4.3.0.tgz#edd803628ae71c04c85ae7a0906edad34b648937"
  integrity sha512-zbB9rCJAT1rbjiVDb2hqKFHNYLxgtk8NURxZ3IZwD3F6NtxbXZQCnnSi1Lkx+IDohdPlFp222wVALIheZJQSEg==
  dependencies:
    color-convert "^2.0.1"

ansi-styles@^5.0.0:
  version "5.2.0"
  resolved "https://registry.yarnpkg.com/ansi-styles/-/ansi-styles-5.2.0.tgz#07449690ad45777d1924ac2abb2fc8895dba836b"
  integrity sha512-Cxwpt2SfTzTtXcfOlzGEee8O+c+MmUgGrNiBcXnuWxuFJHe6a5Hz7qwhwe5OgaSYI0IJvkLqWX1ASG+cJOkEiA==

async@^3.2.3:
  version "3.2.4"
  resolved "https://registry.yarnpkg.com/async/-/async-3.2.4.tgz#2d22e00f8cddeb5fde5dd33522b56d1cf569a81c"
  integrity sha512-iAB+JbDEGXhyIUavoDl9WP/Jj106Kz9DEn1DPgYw5ruDn0e3Wgi3sKFm55sASdGBNOQB8F59d9qQ7deqrHA8wQ==

b4a@^1.0.1:
  version "1.6.1"
  resolved "https://registry.yarnpkg.com/b4a/-/b4a-1.6.1.tgz#9effac93a469a868d024e16fd77162c653544cbd"
  integrity sha512-AsKjNhz72yxteo/0EtQEiwkMUgk/tGmycXlbG4g3Ard2/ULtNLUykGOkeK0egmN27h0xMAhb76jYccW+XTBExA==

balanced-match@^1.0.0:
  version "1.0.2"
  resolved "https://registry.yarnpkg.com/balanced-match/-/balanced-match-1.0.2.tgz#e83e3a7e3f300b34cb9d87f615fa0cbf357690ee"
  integrity sha512-3oSeUO0TMV67hN1AmbXsK4yaqU7tjiHlbxRDZOpH0KW9+CeX4bRAaX0Anxt0tx2MrpRpWwQaPwIlISEJhYU5Pw==

bfj@^7.0.2:
  version "7.0.2"
  resolved "https://registry.yarnpkg.com/bfj/-/bfj-7.0.2.tgz#1988ce76f3add9ac2913fd8ba47aad9e651bfbb2"
  integrity sha512-+e/UqUzwmzJamNF50tBV6tZPTORow7gQ96iFow+8b562OdMpEK0BcJEq2OSPEDmAbSMBQ7PKZ87ubFkgxpYWgw==
  dependencies:
    bluebird "^3.5.5"
    check-types "^11.1.1"
    hoopy "^0.1.4"
    tryer "^1.0.1"

blake2b-wasm@^2.4.0:
  version "2.4.0"
  resolved "https://registry.yarnpkg.com/blake2b-wasm/-/blake2b-wasm-2.4.0.tgz#9115649111edbbd87eb24ce7c04b427e4e2be5be"
  integrity sha512-S1kwmW2ZhZFFFOghcx73+ZajEfKBqhP82JMssxtLVMxlaPea1p9uoLiUZ5WYyHn0KddwbLc+0vh4wR0KBNoT5w==
  dependencies:
    b4a "^1.0.1"
    nanoassert "^2.0.0"

bluebird@^3.5.5:
  version "3.7.2"
  resolved "https://registry.yarnpkg.com/bluebird/-/bluebird-3.7.2.tgz#9f229c15be272454ffa973ace0dbee79a1b0c36f"
  integrity sha512-XpNj6GDQzdfW+r2Wnn7xiSAd7TM3jzkxGXBGTtWKuSXv1xUV+azxAm8jdWZN06QTQk+2N2XB9jRDkvbmQmcRtg==

brace-expansion@^1.1.7:
  version "1.1.11"
  resolved "https://registry.yarnpkg.com/brace-expansion/-/brace-expansion-1.1.11.tgz#3c7fcbf529d87226f3d2f52b966ff5271eb441dd"
  integrity sha512-iCuPHDFgrHX7H2vEI/5xpz07zSHB00TpugqhmYtVmMO6518mCuRMoOYFldEBl0g187ufozdaHgWKcYFb61qGiA==
  dependencies:
    balanced-match "^1.0.0"
    concat-map "0.0.1"

brace-expansion@^2.0.1:
  version "2.0.1"
  resolved "https://registry.yarnpkg.com/brace-expansion/-/brace-expansion-2.0.1.tgz#1edc459e0f0c548486ecf9fc99f2221364b9a0ae"
  integrity sha512-XnAIvQ8eM+kC6aULx6wuQiwVsnzsi9d3WxzV3FpWTGA19F621kwdbsAcFKXgKUHZWsy+mY6iL1sHTxWEFCytDA==
  dependencies:
    balanced-match "^1.0.0"

braces@^3.0.2:
  version "3.0.2"
  resolved "https://registry.yarnpkg.com/braces/-/braces-3.0.2.tgz#3454e1a462ee8d599e236df336cd9ea4f8afe107"
  integrity sha512-b8um+L1RzM3WDSzvhm6gIz1yfTbBt6YTlcEKAvsmqCZZFw46z626lVj9j1yEPW33H5H+lBQpZMP1k8l+78Ha0A==
  dependencies:
    fill-range "^7.0.1"

chalk@^2.0.0:
  version "2.4.2"
  resolved "https://registry.yarnpkg.com/chalk/-/chalk-2.4.2.tgz#cd42541677a54333cf541a49108c1432b44c9424"
  integrity sha512-Mti+f9lpJNcwF4tWV8/OrTTtF1gZi+f8FqlyAdouralcFWFQWF2+NgCHShjkCb+IFBLq9buZwE1xckQU4peSuQ==
  dependencies:
    ansi-styles "^3.2.1"
    escape-string-regexp "^1.0.5"
    supports-color "^5.3.0"

chalk@^4.0.0, chalk@^4.0.2:
  version "4.1.2"
  resolved "https://registry.yarnpkg.com/chalk/-/chalk-4.1.2.tgz#aac4e2b7734a740867aeb16bf02aad556a1e7a01"
  integrity sha512-oKnbhFyRIXpUuez8iBMmyEa4nbj4IOQyuhc/wy9kY7/WVPcwIO9VA668Pu8RkO7+0G76SLROeyw9CpQ061i4mA==
  dependencies:
    ansi-styles "^4.1.0"
    supports-color "^7.1.0"

check-types@^11.1.1:
  version "11.2.2"
  resolved "https://registry.yarnpkg.com/check-types/-/check-types-11.2.2.tgz#7afc0b6a860d686885062f2dba888ba5710335b4"
  integrity sha512-HBiYvXvn9Z70Z88XKjz3AEKd4HJhBXsa3j7xFnITAzoS8+q6eIGi8qDB8FKPBAjtuxjI/zFpwuiCb8oDtKOYrA==

ci-info@^3.2.0:
  version "3.7.0"
  resolved "https://registry.yarnpkg.com/ci-info/-/ci-info-3.7.0.tgz#6d01b3696c59915b6ce057e4aa4adfc2fa25f5ef"
  integrity sha512-2CpRNYmImPx+RXKLq6jko/L07phmS9I02TyqkcNU20GCF/GgaWvc58hPtjxDX8lPpkdwc9sNh72V9k00S7ezog==

circom_runtime@0.1.21:
  version "0.1.21"
  resolved "https://registry.yarnpkg.com/circom_runtime/-/circom_runtime-0.1.21.tgz#0ee93bb798b5afb8ecec30725ed14d94587a999b"
  integrity sha512-qTkud630B/GK8y76hnOaaS1aNuF6prfV0dTrkeRsiJKnlP1ryQbP2FWLgDOPqn6aKyaPlam+Z+DTbBhkEzh8dA==
  dependencies:
    ffjavascript "0.2.56"

color-convert@^1.9.0:
  version "1.9.3"
  resolved "https://registry.yarnpkg.com/color-convert/-/color-convert-1.9.3.tgz#bb71850690e1f136567de629d2d5471deda4c1e8"
  integrity sha512-QfAUtd+vFdAtFQcC8CCyYt1fYWxSqAiK2cSD6zDB8N3cpsEBAvRxp9zOGg6G/SHHJYAT88/az/IuDGALsNVbGg==
  dependencies:
    color-name "1.1.3"

color-convert@^2.0.1:
  version "2.0.1"
  resolved "https://registry.yarnpkg.com/color-convert/-/color-convert-2.0.1.tgz#72d3a68d598c9bdb3af2ad1e84f21d896abd4de3"
  integrity sha512-RRECPsj7iu/xb5oKYcsFHSppFNnsj/52OVTRKb4zP5onXwVF3zVmmToNcOfGC+CRDpfK/U584fMg38ZHCaElKQ==
  dependencies:
    color-name "~1.1.4"

color-name@1.1.3:
  version "1.1.3"
  resolved "https://registry.yarnpkg.com/color-name/-/color-name-1.1.3.tgz#a7d0558bd89c42f795dd42328f740831ca53bc25"
  integrity sha512-72fSenhMw2HZMTVHeCA9KCmpEIbzWiQsjN+BHcBbS9vr1mtt+vJjPdksIBNUmKAW8TFUDPJK5SUU3QhE9NEXDw==

color-name@~1.1.4:
  version "1.1.4"
  resolved "https://registry.yarnpkg.com/color-name/-/color-name-1.1.4.tgz#c2a09a87acbde69543de6f63fa3995c826c536a2"
  integrity sha512-dOy+3AuW3a2wNbZHIuMZpTcgjGuLU/uBL/ubcZF9OXbDo8ff4O8yVp5Bf0efS8uEoYo5q4Fx7dY9OgQGXgAsQA==

concat-map@0.0.1:
  version "0.0.1"
  resolved "https://registry.yarnpkg.com/concat-map/-/concat-map-0.0.1.tgz#d8a96bd77fd68df7793a73036a3ba0d5405d477b"
  integrity sha512-/Srv4dswyQNBfohGpz9o6Yb3Gz3SrUDqBH5rTuhGR7ahtlbYKnVxw2bCFMRljaA7EXHaXZ8wsHdodFvbkhKmqg==

diff-sequences@^29.3.1:
  version "29.3.1"
  resolved "https://registry.yarnpkg.com/diff-sequences/-/diff-sequences-29.3.1.tgz#104b5b95fe725932421a9c6e5b4bef84c3f2249e"
  integrity sha512-hlM3QR272NXCi4pq+N4Kok4kOp6EsgOM3ZSpJI7Da3UAs+Ttsi8MRmB6trM/lhyzUxGfOgnpkHtgqm5Q/CTcfQ==

ejs@^3.1.6:
  version "3.1.8"
  resolved "https://registry.yarnpkg.com/ejs/-/ejs-3.1.8.tgz#758d32910c78047585c7ef1f92f9ee041c1c190b"
  integrity sha512-/sXZeMlhS0ArkfX2Aw780gJzXSMPnKjtspYZv+f3NiKLlubezAHDU5+9xz6gd3/NhG3txQCo6xlglmTS+oTGEQ==
  dependencies:
    jake "^10.8.5"

escape-string-regexp@^1.0.5:
  version "1.0.5"
  resolved "https://registry.yarnpkg.com/escape-string-regexp/-/escape-string-regexp-1.0.5.tgz#1b61c0562190a8dff6ae3bb2cf0200ca130b86d4"
  integrity sha512-vbRorB5FUQWvla16U8R/qgaFIya2qGzwDrNmCZuYKrbdSUMG6I1ZCGQRefkRVhuOkIGVne7BQ35DSfo1qvJqFg==

escape-string-regexp@^2.0.0:
  version "2.0.0"
  resolved "https://registry.yarnpkg.com/escape-string-regexp/-/escape-string-regexp-2.0.0.tgz#a30304e99daa32e23b2fd20f51babd07cffca344"
  integrity sha512-UpzcLCXolUWcNu5HtVMHYdXJjArjsF9C0aNnquZYY4uW/Vu0miy5YoWvbV345HauVvcAUnpRuhMMcqTcGOY2+w==

expect@^29.0.0:
  version "29.3.1"
  resolved "https://registry.yarnpkg.com/expect/-/expect-29.3.1.tgz#92877aad3f7deefc2e3f6430dd195b92295554a6"
  integrity sha512-gGb1yTgU30Q0O/tQq+z30KBWv24ApkMgFUpvKBkyLUBL68Wv8dHdJxTBZFl/iT8K/bqDHvUYRH6IIN3rToopPA==
  dependencies:
    "@jest/expect-utils" "^29.3.1"
    jest-get-type "^29.2.0"
    jest-matcher-utils "^29.3.1"
    jest-message-util "^29.3.1"
    jest-util "^29.3.1"

fastfile@0.0.20:
  version "0.0.20"
  resolved "https://registry.yarnpkg.com/fastfile/-/fastfile-0.0.20.tgz#794a143d58cfda2e24c298e5ef619c748c8a1879"
  integrity sha512-r5ZDbgImvVWCP0lA/cGNgQcZqR+aYdFx3u+CtJqUE510pBUVGMn4ulL/iRTI4tACTYsNJ736uzFxEBXesPAktA==

ffjavascript@0.2.56:
  version "0.2.56"
  resolved "https://registry.yarnpkg.com/ffjavascript/-/ffjavascript-0.2.56.tgz#3509f98fcbd3e44ea93cd23519071b76d6eae433"
  integrity sha512-em6G5Lrj7ucIqj4TYEgyoHs/j99Urwwqa4+YxEVY2hggnpRimVj+noX5pZQTxI1pvtiekZI4rG65JBf0xraXrg==
  dependencies:
    wasmbuilder "0.0.16"
    wasmcurves "0.2.0"
    web-worker "^1.2.0"

ffjavascript@^0.2.48:
  version "0.2.57"
  resolved "https://registry.yarnpkg.com/ffjavascript/-/ffjavascript-0.2.57.tgz#ba1be96015b2688192e49f2f4de2cc5150fd8594"
  integrity sha512-V+vxZ/zPNcthrWmqfe/1YGgqdkTamJeXiED0tsk7B84g40DKlrTdx47IqZuiygqAVG6zMw4qYuvXftIJWsmfKQ==
  dependencies:
    wasmbuilder "0.0.16"
    wasmcurves "0.2.0"
    web-worker "^1.2.0"

filelist@^1.0.1:
  version "1.0.4"
  resolved "https://registry.yarnpkg.com/filelist/-/filelist-1.0.4.tgz#f78978a1e944775ff9e62e744424f215e58352b5"
  integrity sha512-w1cEuf3S+DrLCQL7ET6kz+gmlJdbq9J7yXCSjK/OZCPA+qEN1WyF4ZAf0YYJa4/shHJra2t/d/r8SV4Ji+x+8Q==
  dependencies:
    minimatch "^5.0.1"

fill-range@^7.0.1:
  version "7.0.1"
  resolved "https://registry.yarnpkg.com/fill-range/-/fill-range-7.0.1.tgz#1919a6a7c75fe38b2c7c77e5198535da9acdda40"
  integrity sha512-qOo9F+dMUmC2Lcb4BbVvnKJxTPjCm+RRpe4gDuGrzkL7mEVl/djYSu2OdQ2Pa302N4oqkSg9ir6jaLWJ2USVpQ==
  dependencies:
    to-regex-range "^5.0.1"

graceful-fs@^4.2.9:
  version "4.2.10"
  resolved "https://registry.yarnpkg.com/graceful-fs/-/graceful-fs-4.2.10.tgz#147d3a006da4ca3ce14728c7aefc287c367d7a6c"
  integrity sha512-9ByhssR2fPVsNZj478qUUbKfmL0+t5BDVyjShtyZZLiK7ZDAArFFfopyOTj0M05wE2tJPisA4iTnnXl2YoPvOA==

has-flag@^3.0.0:
  version "3.0.0"
  resolved "https://registry.yarnpkg.com/has-flag/-/has-flag-3.0.0.tgz#b5d454dc2199ae225699f3467e5a07f3b955bafd"
  integrity sha512-sKJf1+ceQBr4SMkvQnBDNDtf4TXpVhVGateu0t918bl30FnbE2m4vNLX+VWe/dpjlb+HugGYzW7uQXH98HPEYw==

has-flag@^4.0.0:
  version "4.0.0"
  resolved "https://registry.yarnpkg.com/has-flag/-/has-flag-4.0.0.tgz#944771fd9c81c81265c4d6941860da06bb59479b"
  integrity sha512-EykJT/Q1KjTWctppgIAgfSO0tKVuZUjhgMr17kqTumMl6Afv3EISleU7qZUzoXDFTAHTDC4NOoG/ZxU3EvlMPQ==

hoopy@^0.1.4:
  version "0.1.4"
  resolved "https://registry.yarnpkg.com/hoopy/-/hoopy-0.1.4.tgz#609207d661100033a9a9402ad3dea677381c1b1d"
  integrity sha512-HRcs+2mr52W0K+x8RzcLzuPPmVIKMSv97RGHy0Ea9y/mpcaK+xTrjICA04KAHi4GRzxliNqNJEFYWHghy3rSfQ==

is-number@^7.0.0:
  version "7.0.0"
  resolved "https://registry.yarnpkg.com/is-number/-/is-number-7.0.0.tgz#7535345b896734d5f80c4d06c50955527a14f12b"
  integrity sha512-41Cifkg6e8TylSpdtTpeLVMqvSBEVzTttHvERD741+pnZ8ANv0004MRL43QKPDlK9cGvNp6NZWZUBlbGXYxxng==

jake@^10.8.5:
  version "10.8.5"
  resolved "https://registry.yarnpkg.com/jake/-/jake-10.8.5.tgz#f2183d2c59382cb274226034543b9c03b8164c46"
  integrity sha512-sVpxYeuAhWt0OTWITwT98oyV0GsXyMlXCF+3L1SuafBVUIr/uILGRB+NqwkzhgXKvoJpDIpQvqkUALgdmQsQxw==
  dependencies:
    async "^3.2.3"
    chalk "^4.0.2"
    filelist "^1.0.1"
    minimatch "^3.0.4"

jest-diff@^29.3.1:
  version "29.3.1"
  resolved "https://registry.yarnpkg.com/jest-diff/-/jest-diff-29.3.1.tgz#d8215b72fed8f1e647aed2cae6c752a89e757527"
  integrity sha512-vU8vyiO7568tmin2lA3r2DP8oRvzhvRcD4DjpXc6uGveQodyk7CKLhQlCSiwgx3g0pFaE88/KLZ0yaTWMc4Uiw==
  dependencies:
    chalk "^4.0.0"
    diff-sequences "^29.3.1"
    jest-get-type "^29.2.0"
    pretty-format "^29.3.1"

jest-get-type@^29.2.0:
  version "29.2.0"
  resolved "https://registry.yarnpkg.com/jest-get-type/-/jest-get-type-29.2.0.tgz#726646f927ef61d583a3b3adb1ab13f3a5036408"
  integrity sha512-uXNJlg8hKFEnDgFsrCjznB+sTxdkuqiCL6zMgA75qEbAJjJYTs9XPrvDctrEig2GDow22T/LvHgO57iJhXB/UA==

jest-matcher-utils@^29.3.1:
  version "29.3.1"
  resolved "https://registry.yarnpkg.com/jest-matcher-utils/-/jest-matcher-utils-29.3.1.tgz#6e7f53512f80e817dfa148672bd2d5d04914a572"
  integrity sha512-fkRMZUAScup3txIKfMe3AIZZmPEjWEdsPJFK3AIy5qRohWqQFg1qrmKfYXR9qEkNc7OdAu2N4KPHibEmy4HPeQ==
  dependencies:
    chalk "^4.0.0"
    jest-diff "^29.3.1"
    jest-get-type "^29.2.0"
    pretty-format "^29.3.1"

jest-message-util@^29.3.1:
  version "29.3.1"
  resolved "https://registry.yarnpkg.com/jest-message-util/-/jest-message-util-29.3.1.tgz#37bc5c468dfe5120712053dd03faf0f053bd6adb"
  integrity sha512-lMJTbgNcDm5z+6KDxWtqOFWlGQxD6XaYwBqHR8kmpkP+WWWG90I35kdtQHY67Ay5CSuydkTBbJG+tH9JShFCyA==
  dependencies:
    "@babel/code-frame" "^7.12.13"
    "@jest/types" "^29.3.1"
    "@types/stack-utils" "^2.0.0"
    chalk "^4.0.0"
    graceful-fs "^4.2.9"
    micromatch "^4.0.4"
    pretty-format "^29.3.1"
    slash "^3.0.0"
    stack-utils "^2.0.3"

jest-util@^29.3.1:
  version "29.3.1"
  resolved "https://registry.yarnpkg.com/jest-util/-/jest-util-29.3.1.tgz#1dda51e378bbcb7e3bc9d8ab651445591ed373e1"
  integrity sha512-7YOVZaiX7RJLv76ZfHt4nbNEzzTRiMW/IiOG7ZOKmTXmoGBxUDefgMAxQubu6WPVqP5zSzAdZG0FfLcC7HOIFQ==
  dependencies:
    "@jest/types" "^29.3.1"
    "@types/node" "*"
    chalk "^4.0.0"
    ci-info "^3.2.0"
    graceful-fs "^4.2.9"
    picomatch "^2.2.3"

js-sha3@^0.8.0:
  version "0.8.0"
  resolved "https://registry.yarnpkg.com/js-sha3/-/js-sha3-0.8.0.tgz#b9b7a5da73afad7dedd0f8c463954cbde6818840"
  integrity sha512-gF1cRrHhIzNfToc802P800N8PpXS+evLLXfsVpowqmAFR9uwbi89WvXg2QspOmXL8QL86J4T1EpFu+yUkwJY3Q==

js-tokens@^4.0.0:
  version "4.0.0"
  resolved "https://registry.yarnpkg.com/js-tokens/-/js-tokens-4.0.0.tgz#19203fb59991df98e3a287050d4647cdeaf32499"
  integrity sha512-RdJUflcE3cUzKiMqQgsCu06FPu9UdIJO0beYbPhHN4k6apgJtifcoCtT9bcxOpYBtpD2kCM6Sbzg4CausW/PKQ==

logplease@^1.2.15:
  version "1.2.15"
  resolved "https://registry.yarnpkg.com/logplease/-/logplease-1.2.15.tgz#3da442e93751a5992cc19010a826b08d0293c48a"
  integrity sha512-jLlHnlsPSJjpwUfcNyUxXCl33AYg2cHhIf9QhGL2T4iPT0XPB+xP1LRKFPgIg1M/sg9kAJvy94w9CzBNrfnstA==

micromatch@^4.0.4:
  version "4.0.5"
  resolved "https://registry.yarnpkg.com/micromatch/-/micromatch-4.0.5.tgz#bc8999a7cbbf77cdc89f132f6e467051b49090c6"
  integrity sha512-DMy+ERcEW2q8Z2Po+WNXuw3c5YaUSFjAO5GsJqfEl7UjvtIuFKO6ZrKvcItdy98dwFI2N1tg3zNIdKaQT+aNdA==
  dependencies:
    braces "^3.0.2"
    picomatch "^2.3.1"

minimatch@^3.0.4:
  version "3.1.2"
  resolved "https://registry.yarnpkg.com/minimatch/-/minimatch-3.1.2.tgz#19cd194bfd3e428f049a70817c038d89ab4be35b"
  integrity sha512-J7p63hRiAjw1NDEww1W7i37+ByIrOWO5XQQAzZ3VOcL0PNybwpfmV/N05zFAzwQ9USyEcX6t3UO+K5aqBQOIHw==
  dependencies:
    brace-expansion "^1.1.7"

minimatch@^5.0.1:
  version "5.1.2"
  resolved "https://registry.yarnpkg.com/minimatch/-/minimatch-5.1.2.tgz#0939d7d6f0898acbd1508abe534d1929368a8fff"
  integrity sha512-bNH9mmM9qsJ2X4r2Nat1B//1dJVcn3+iBLa3IgqJ7EbGaDNepL9QSHOxN4ng33s52VMMhhIfgCYDk3C4ZmlDAg==
  dependencies:
    brace-expansion "^2.0.1"

nanoassert@^2.0.0:
  version "2.0.0"
  resolved "https://registry.yarnpkg.com/nanoassert/-/nanoassert-2.0.0.tgz#a05f86de6c7a51618038a620f88878ed1e490c09"
  integrity sha512-7vO7n28+aYO4J+8w96AzhmU8G+Y/xpPDJz/se19ICsqj/momRbb9mh9ZUtkoJ5X3nTnPdhEJyc0qnM6yAsHBaA==

picomatch@^2.2.3, picomatch@^2.3.1:
  version "2.3.1"
  resolved "https://registry.yarnpkg.com/picomatch/-/picomatch-2.3.1.tgz#3ba3833733646d9d3e4995946c1365a67fb07a42"
  integrity sha512-JU3teHTNjmE2VCGFzuY8EXzCDVwEqB2a8fsIvwaStHhAWJEeVd1o1QD80CU6+ZdEXXSLbSsuLwJjkCBWqRQUVA==

pretty-format@^29.0.0, pretty-format@^29.3.1:
  version "29.3.1"
  resolved "https://registry.yarnpkg.com/pretty-format/-/pretty-format-29.3.1.tgz#1841cac822b02b4da8971dacb03e8a871b4722da"
  integrity sha512-FyLnmb1cYJV8biEIiRyzRFvs2lry7PPIvOqKVe1GCUEYg4YGmlx1qG9EJNMxArYm7piII4qb8UV1Pncq5dxmcg==
  dependencies:
    "@jest/schemas" "^29.0.0"
    ansi-styles "^5.0.0"
    react-is "^18.0.0"

r1csfile@0.0.41:
  version "0.0.41"
  resolved "https://registry.yarnpkg.com/r1csfile/-/r1csfile-0.0.41.tgz#e3d2709d36923156dd1fc2db9858987b30c92948"
  integrity sha512-Q1WDF3u1vYeAwjHo4YuddkA8Aq0TulbKjmGm99+Atn13Lf5fTsMZBnBV9T741w8iSyPFG6Uh6sapQby77sREqA==
  dependencies:
    "@iden3/bigarray" "0.0.2"
    "@iden3/binfileutils" "0.0.11"
    fastfile "0.0.20"
    ffjavascript "0.2.56"

react-is@^18.0.0:
  version "18.2.0"
  resolved "https://registry.yarnpkg.com/react-is/-/react-is-18.2.0.tgz#199431eeaaa2e09f86427efbb4f1473edb47609b"
  integrity sha512-xWGDIW6x921xtzPkhiULtthJHoJvBbF3q26fzloPCK0hsvxtPVelvftw3zjbHWSkR2km9Z+4uxbDDK/6Zw9B8w==

slash@^3.0.0:
  version "3.0.0"
  resolved "https://registry.yarnpkg.com/slash/-/slash-3.0.0.tgz#6539be870c165adbd5240220dbe361f1bc4d4634"
  integrity sha512-g9Q1haeby36OSStwb4ntCGGGaKsaVSjQ68fBxoQcutl5fS1vuY18H3wSt3jFyFtrkx+Kz0V1G85A4MyAdDMi2Q==

snarkjs@^0.5.0:
  version "0.5.0"
  resolved "https://registry.yarnpkg.com/snarkjs/-/snarkjs-0.5.0.tgz#cf26bf1d3835eb16b4b330a438bad9824837d6b0"
  integrity sha512-KWz8mZ2Y+6wvn6GGkQo6/ZlKwETdAGohd40Lzpwp5TUZCn6N6O4Az1SuX1rw/qREGL6Im+ycb19suCFE8/xaKA==
  dependencies:
    "@iden3/binfileutils" "0.0.11"
    bfj "^7.0.2"
    blake2b-wasm "^2.4.0"
    circom_runtime "0.1.21"
    ejs "^3.1.6"
    fastfile "0.0.20"
    ffjavascript "0.2.56"
    js-sha3 "^0.8.0"
    logplease "^1.2.15"
    r1csfile "0.0.41"

stack-utils@^2.0.3:
  version "2.0.6"
  resolved "https://registry.yarnpkg.com/stack-utils/-/stack-utils-2.0.6.tgz#aaf0748169c02fc33c8232abccf933f54a1cc34f"
  integrity sha512-XlkWvfIm6RmsWtNJx+uqtKLS8eqFbxUg0ZzLXqY0caEy9l7hruX8IpiDnjsLavoBgqCCR71TqWO8MaXYheJ3RQ==
  dependencies:
    escape-string-regexp "^2.0.0"

supports-color@^5.3.0:
  version "5.5.0"
  resolved "https://registry.yarnpkg.com/supports-color/-/supports-color-5.5.0.tgz#e2e69a44ac8772f78a1ec0b35b689df6530efc8f"
  integrity sha512-QjVjwdXIt408MIiAqCX4oUKsgU2EqAGzs2Ppkm4aQYbjm+ZEWEcW4SfFNTr4uMNZma0ey4f5lgLrkB0aX0QMow==
  dependencies:
    has-flag "^3.0.0"

supports-color@^7.1.0:
  version "7.2.0"
  resolved "https://registry.yarnpkg.com/supports-color/-/supports-color-7.2.0.tgz#1b7dcdcb32b8138801b3e478ba6a51caa89648da"
  integrity sha512-qpCAvRl9stuOHveKsn7HncJRvv501qIacKzQlO/+Lwxc9+0q2wLyv4Dfvt80/DPn2pqOBsJdDiogXGR9+OvwRw==
  dependencies:
    has-flag "^4.0.0"

to-regex-range@^5.0.1:
  version "5.0.1"
  resolved "https://registry.yarnpkg.com/to-regex-range/-/to-regex-range-5.0.1.tgz#1648c44aae7c8d988a326018ed72f5b4dd0392e4"
  integrity sha512-65P7iz6X5yEr1cwcgvQxbbIw7Uk3gOy5dIdtZ4rDveLqhrdJP+Li/Hx6tyK0NEb+2GCyneCMJiGqrADCSNk8sQ==
  dependencies:
    is-number "^7.0.0"

tryer@^1.0.1:
  version "1.0.1"
  resolved "https://registry.yarnpkg.com/tryer/-/tryer-1.0.1.tgz#f2c85406800b9b0f74c9f7465b81eaad241252f8"
  integrity sha512-c3zayb8/kWWpycWYg87P71E1S1ZL6b6IJxfb5fvsUgsf0S2MVGaDhDXXjDMpdCpfWXqptc+4mXwmiy1ypXqRAA==

wasmbuilder@0.0.16:
  version "0.0.16"
  resolved "https://registry.yarnpkg.com/wasmbuilder/-/wasmbuilder-0.0.16.tgz#f34c1f2c047d2f6e1065cbfec5603988f16d8549"
  integrity sha512-Qx3lEFqaVvp1cEYW7Bfi+ebRJrOiwz2Ieu7ZG2l7YyeSJIok/reEQCQCuicj/Y32ITIJuGIM9xZQppGx5LrQdA==

wasmcurves@0.2.0:
  version "0.2.0"
  resolved "https://registry.yarnpkg.com/wasmcurves/-/wasmcurves-0.2.0.tgz#ccfc5a7d3778b6e0768b82a9336c80054f9bc0cf"
  integrity sha512-3e2rbxdujOwaod657gxgmdhZNn+i1qKdHO3Y/bK+8E7bV8ttV/fu5FO4/WLBACF375cK0QDLOP+65Na63qYuWA==
  dependencies:
    wasmbuilder "0.0.16"

web-worker@^1.2.0:
  version "1.2.0"
  resolved "https://registry.yarnpkg.com/web-worker/-/web-worker-1.2.0.tgz#5d85a04a7fbc1e7db58f66595d7a3ac7c9c180da"
  integrity sha512-PgF341avzqyx60neE9DD+XS26MMNMoUQRz9NOZwW32nPQrF6p77f1htcnjBSEV8BGMKZ16choqUG4hyI0Hx7mA==
